{
  "name": "src-js",
  "lockfileVersion": 3,
  "requires": true,
  "packages": {
    "": {
      "name": "src-js",
      "dependencies": {
        "@jsx6/jsx6": "^1.8.18",
        "@jsx6/signal": "^1.8.18"
      },
      "devDependencies": {
        "@types/bun": "latest",
        "playwright": "^1.58.2"
      },
      "peerDependencies": {
        "typescript": "^5"
      }
    },
    "node_modules/@jsx6/jsx-dev-runtime": {
      "version": "1.8.18",
      "resolved": "https://registry.npmjs.org/@jsx6/jsx-dev-runtime/-/jsx-dev-runtime-1.8.18.tgz",
      "integrity": "sha512-pRqYF06Av16YXQz3ReBy0KkubQkIKy8Z98etaZ+4peMWLxguZel876urKIGkMBCzvQB8qboQbsdwJYdEnbcQpA==",
      "license": "MIT",
      "dependencies": {
        "@jsx6/jsx6": "1.8.18"
      }
    },
    "node_modules/@jsx6/jsx-runtime": {
      "version": "1.8.18",
      "resolved": "https://registry.npmjs.org/@jsx6/jsx-runtime/-/jsx-runtime-1.8.18.tgz",
      "integrity": "sha512-ut5sc5G4MhAbOFwGJw4E5R8VayzEZHLCznbYP6N2bPuvNUC0mR4dozxlBM3bl2nsK1zSS/w3V4L5LEYqX8aufw==",
      "license": "MIT",
      "dependencies": {
        "@jsx6/jsx6": "1.8.18"
      }
    },
    "node_modules/@jsx6/jsx6": {
      "version": "1.8.18",
      "resolved": "https://registry.npmjs.org/@jsx6/jsx6/-/jsx6-1.8.18.tgz",
      "integrity": "sha512-PKwJL46FfgzXFV31SgK+l7ANTfAhg4x6fFUaUDo96NNAo9hF1MYjHCvz+d8xIIoyE9ssIsNoSwcCTtVoNPqI0Q==",
      "license": "MIT",
      "dependencies": {
        "@jsx6/jsx-dev-runtime": "1.8.18",
        "@jsx6/jsx-runtime": "1.8.18",
        "@jsx6/signal": "1.8.18"
      }
    },
    "node_modules/@jsx6/signal": {
      "version": "1.8.18",
      "resolved": "https://registry.npmjs.org/@jsx6/signal/-/signal-1.8.18.tgz",
      "integrity": "sha512-cGIDkqo/6t4OAUXYLuTfMZRLKJurs0XYreg5oMQRrlCPqJKmYlkWHXW4IvKE4F8RXCH9vRaGBwAxWU7myLx+6g==",
      "license": "MIT"
    },
    "node_modules/@types/bun": {
      "version": "1.3.11",
      "resolved": "https://registry.npmjs.org/@types/bun/-/bun-1.3.11.tgz",
      "integrity": "sha512-5vPne5QvtpjGpsGYXiFyycfpDF2ECyPcTSsFBMa0fraoxiQyMJ3SmuQIGhzPg2WJuWxVBoxWJ2kClYTcw/4fAg==",
      "dev": true,
      "license": "MIT",
      "dependencies": {
        "bun-types": "1.3.11"
      }
    },
    "node_modules/@types/node": {
      "version": "25.5.0",
      "resolved": "https://registry.npmjs.org/@types/node/-/node-25.5.0.tgz",
      "integrity": "sha512-jp2P3tQMSxWugkCUKLRPVUpGaL5MVFwF8RDuSRztfwgN1wmqJeMSbKlnEtQqU8UrhTmzEmZdu2I6v2dpp7XIxw==",
      "dev": true,
      "license": "MIT",
      "dependencies": {
        "undici-types": "~7.18.0"
      }
    },
    "node_modules/bun-types": {
      "version": "1.3.11",
      "resolved": "https://registry.npmjs.org/bun-types/-/bun-types-1.3.11.tgz",
      "integrity": "sha512-1KGPpoxQWl9f6wcZh57LvrPIInQMn2TQ7jsgxqpRzg+l0QPOFvJVH7HmvHo/AiPgwXy+/Thf6Ov3EdVn1vOabg==",
      "dev": true,
      "license": "MIT",
      "dependencies": {
        "@types/node": "*"
      }
    },
    "node_modules/fsevents": {
      "version": "2.3.2",
      "resolved": "https://registry.npmjs.org/fsevents/-/fsevents-2.3.2.tgz",
      "integrity": "sha512-xiqMQR4xAeHTuB9uWm+fFRcIOgKBMiOBP+eXiyT7jsgVCq1bkVygt00oASowB7EdtpOHaaPgKt812P9ab+DDKA==",
      "dev": true,
      "hasInstallScript": true,
      "license": "MIT",
      "optional": true,
      "os": [
        "darwin"
      ],
      "engines": {
        "node": "^8.16.0 || ^10.6.0 || >=11.0.0"
      }
    },
    "node_modules/playwright": {
      "version": "1.58.2",
      "resolved": "https://registry.npmjs.org/playwright/-/playwright-1.58.2.tgz",
      "integrity": "sha512-vA30H8Nvkq/cPBnNw4Q8TWz1EJyqgpuinBcHET0YVJVFldr8JDNiU9LaWAE1KqSkRYazuaBhTpB5ZzShOezQ6A==",
      "dev": true,
      "license": "Apache-2.0",
      "dependencies": {
        "playwright-core": "1.58.2"
      },
      "bin": {
        "playwright": "cli.js"
      },
      "engines": {
        "node": ">=18"
      },
      "optionalDependencies": {
        "fsevents": "2.3.2"
      }
    },
    "node_modules/playwright-core": {
      "version": "1.58.2",
      "resolved": "https://registry.npmjs.org/playwright-core/-/playwright-core-1.58.2.tgz",
      "integrity": "sha512-yZkEtftgwS8CsfYo7nm0KE8jsvm6i/PTgVtB8DL726wNf6H2IMsDuxCpJj59KDaxCtSnrWan2AeDqM7JBaultg==",
      "dev": true,
      "license": "Apache-2.0",
      "bin": {
        "playwright-core": "cli.js"
      },
      "engines": {
        "node": ">=18"
      }
    },
    "node_modules/typescript": {
      "version": "5.9.3",
      "license": "Apache-2.0",
      "peer": true,
      "bin": {
        "tsc": "bin/tsc",
        "tsserver": "bin/tsserver"
      },
      "engines": {
        "node": ">=14.17"
      }
    },
    "node_modules/undici-types": {
      "version": "7.18.2",
      "resolved": "https://registry.npmjs.org/undici-types/-/undici-types-7.18.2.tgz",
      "integrity": "sha512-AsuCzffGHJybSaRrmr5eHr81mwJU3kjw6M+uprWvCXiNeN9SOGwQ3Jn8jb8m3Z6izVgknn1R0FTCEAP2QrLY/w==",
      "dev": true,
      "license": "MIT"
    }
  }
}
